// !$*UTF8*$!
{
	archiveVersion = 1;
	classes = {
	};
	objectVersion = 46;
	objects = {

/* Begin PBXBuildFile section */
		180AAF591C7EDBD50030A0C2 /* main.m in Sources */ = {isa = PBXBuildFile; fileRef = 180AAF581C7EDBD50030A0C2 /* main.m */; };
		180AAF5C1C7EDBD50030A0C2 /* AppDelegate.m in Sources */ = {isa = PBXBuildFile; fileRef = 180AAF5B1C7EDBD50030A0C2 /* AppDelegate.m */; };
		180AAF621C7EDBD50030A0C2 /* Main.storyboard in Resources */ = {isa = PBXBuildFile; fileRef = 180AAF601C7EDBD50030A0C2 /* Main.storyboard */; };
		180AAF641C7EDBD50030A0C2 /* Assets.xcassets in Resources */ = {isa = PBXBuildFile; fileRef = 180AAF631C7EDBD50030A0C2 /* Assets.xcassets */; };
		180AAF671C7EDBD50030A0C2 /* LaunchScreen.storyboard in Resources */ = {isa = PBXBuildFile; fileRef = 180AAF651C7EDBD50030A0C2 /* LaunchScreen.storyboard */; };
		180AAF721C7EDBD60030A0C2 /* ZFChartViewTests.m in Sources */ = {isa = PBXBuildFile; fileRef = 180AAF711C7EDBD60030A0C2 /* ZFChartViewTests.m */; };
		180AAF7D1C7EDBD60030A0C2 /* ZFChartViewUITests.m in Sources */ = {isa = PBXBuildFile; fileRef = 180AAF7C1C7EDBD60030A0C2 /* ZFChartViewUITests.m */; };
		180AAFB71C7EDC4E0030A0C2 /* TableViewController.m in Sources */ = {isa = PBXBuildFile; fileRef = 180AAF981C7EDC4E0030A0C2 /* TableViewController.m */; };
		180AAFB81C7EDC4E0030A0C2 /* ViewController.m in Sources */ = {isa = PBXBuildFile; fileRef = 180AAF9A1C7EDC4E0030A0C2 /* ViewController.m */; };
		180AAFEA1C7EEC010030A0C2 /* NSObject+Zirkfied.m in Sources */ = {isa = PBXBuildFile; fileRef = 180AAFC71C7EEC010030A0C2 /* NSObject+Zirkfied.m */; };
		180AAFEB1C7EEC010030A0C2 /* NSString+Zirkfied.m in Sources */ = {isa = PBXBuildFile; fileRef = 180AAFC91C7EEC010030A0C2 /* NSString+Zirkfied.m */; };
		180AAFEC1C7EEC010030A0C2 /* UIColor+Zirkfied.m in Sources */ = {isa = PBXBuildFile; fileRef = 180AAFCB1C7EEC010030A0C2 /* UIColor+Zirkfied.m */; };
		180AAFED1C7EEC010030A0C2 /* UIView+Zirkfied.m in Sources */ = {isa = PBXBuildFile; fileRef = 180AAFCD1C7EEC010030A0C2 /* UIView+Zirkfied.m */; };
		180AAFEE1C7EEC010030A0C2 /* ZFBar.m in Sources */ = {isa = PBXBuildFile; fileRef = 180AAFD41C7EEC010030A0C2 /* ZFBar.m */; };
		180AAFEF1C7EEC010030A0C2 /* ZFBarChart.m in Sources */ = {isa = PBXBuildFile; fileRef = 180AAFD61C7EEC010030A0C2 /* ZFBarChart.m */; };
		180AAFF01C7EEC010030A0C2 /* ZFAxisLine.m in Sources */ = {isa = PBXBuildFile; fileRef = 180AAFD91C7EEC010030A0C2 /* ZFAxisLine.m */; };
		180AAFF11C7EEC010030A0C2 /* ZFGenericChart.m in Sources */ = {isa = PBXBuildFile; fileRef = 180AAFDB1C7EEC010030A0C2 /* ZFGenericChart.m */; };
		180AAFF21C7EEC010030A0C2 /* ZFLabel.m in Sources */ = {isa = PBXBuildFile; fileRef = 180AAFDD1C7EEC010030A0C2 /* ZFLabel.m */; };
		180AAFF31C7EEC010030A0C2 /* ZFCirque.m in Sources */ = {isa = PBXBuildFile; fileRef = 180AAFE01C7EEC010030A0C2 /* ZFCirque.m */; };
		180AAFF41C7EEC010030A0C2 /* ZFLine.m in Sources */ = {isa = PBXBuildFile; fileRef = 180AAFE21C7EEC010030A0C2 /* ZFLine.m */; };
		180AAFF51C7EEC010030A0C2 /* ZFLineChart.m in Sources */ = {isa = PBXBuildFile; fileRef = 180AAFE41C7EEC010030A0C2 /* ZFLineChart.m */; };
		180AAFF61C7EEC010030A0C2 /* ZFPieChart.m in Sources */ = {isa = PBXBuildFile; fileRef = 180AAFE71C7EEC010030A0C2 /* ZFPieChart.m */; };
		180AAFF71C7EEC010030A0C2 /* ZFTranslucencePath.m in Sources */ = {isa = PBXBuildFile; fileRef = 180AAFE91C7EEC010030A0C2 /* ZFTranslucencePath.m */; };
/* End PBXBuildFile section */

/* Begin PBXContainerItemProxy section */
		180AAF6E1C7EDBD50030A0C2 /* PBXContainerItemProxy */ = {
			isa = PBXContainerItemProxy;
			containerPortal = 180AAF4C1C7EDBD50030A0C2 /* Project object */;
			proxyType = 1;
			remoteGlobalIDString = 180AAF531C7EDBD50030A0C2;
			remoteInfo = ZFChartView;
		};
		180AAF791C7EDBD60030A0C2 /* PBXContainerItemProxy */ = {
			isa = PBXContainerItemProxy;
			containerPortal = 180AAF4C1C7EDBD50030A0C2 /* Project object */;
			proxyType = 1;
			remoteGlobalIDString = 180AAF531C7EDBD50030A0C2;
			remoteInfo = ZFChartView;
		};
/* End PBXContainerItemProxy section */

/* Begin PBXFileReference section */
		180AAF541C7EDBD50030A0C2 /* ZFChartView.app */ = {isa = PBXFileReference; explicitFileType = wrapper.application; includeInIndex = 0; path = ZFChartView.app; sourceTree = BUILT_PRODUCTS_DIR; };
		180AAF581C7EDBD50030A0C2 /* main.m */ = {isa = PBXFileReference; lastKnownFileType = sourcecode.c.objc; path = main.m; sourceTree = "<group>"; };
		180AAF5A1C7EDBD50030A0C2 /* AppDelegate.h */ = {isa = PBXFileReference; lastKnownFileType = sourcecode.c.h; path = AppDelegate.h; sourceTree = "<group>"; };
		180AAF5B1C7EDBD50030A0C2 /* AppDelegate.m */ = {isa = PBXFileReference; lastKnownFileType = sourcecode.c.objc; path = AppDelegate.m; sourceTree = "<group>"; };
		180AAF611C7EDBD50030A0C2 /* Base */ = {isa = PBXFileReference; lastKnownFileType = file.storyboard; name = Base; path = Base.lproj/Main.storyboard; sourceTree = "<group>"; };
		180AAF631C7EDBD50030A0C2 /* Assets.xcassets */ = {isa = PBXFileReference; lastKnownFileType = folder.assetcatalog; path = Assets.xcassets; sourceTree = "<group>"; };
		180AAF661C7EDBD50030A0C2 /* Base */ = {isa = PBXFileReference; lastKnownFileType = file.storyboard; name = Base; path = Base.lproj/LaunchScreen.storyboard; sourceTree = "<group>"; };
		180AAF681C7EDBD50030A0C2 /* Info.plist */ = {isa = PBXFileReference; lastKnownFileType = text.plist.xml; path = Info.plist; sourceTree = "<group>"; };
		180AAF6D1C7EDBD50030A0C2 /* ZFChartViewTests.xctest */ = {isa = PBXFileReference; explicitFileType = wrapper.cfbundle; includeInIndex = 0; path = ZFChartViewTests.xctest; sourceTree = BUILT_PRODUCTS_DIR; };
		180AAF711C7EDBD60030A0C2 /* ZFChartViewTests.m */ = {isa = PBXFileReference; lastKnownFileType = sourcecode.c.objc; path = ZFChartViewTests.m; sourceTree = "<group>"; };
		180AAF731C7EDBD60030A0C2 /* Info.plist */ = {isa = PBXFileReference; lastKnownFileType = text.plist.xml; path = Info.plist; sourceTree = "<group>"; };
		180AAF781C7EDBD60030A0C2 /* ZFChartViewUITests.xctest */ = {isa = PBXFileReference; explicitFileType = wrapper.cfbundle; includeInIndex = 0; path = ZFChartViewUITests.xctest; sourceTree = BUILT_PRODUCTS_DIR; };
		180AAF7C1C7EDBD60030A0C2 /* ZFChartViewUITests.m */ = {isa = PBXFileReference; lastKnownFileType = sourcecode.c.objc; path = ZFChartViewUITests.m; sourceTree = "<group>"; };
		180AAF7E1C7EDBD60030A0C2 /* Info.plist */ = {isa = PBXFileReference; lastKnownFileType = text.plist.xml; path = Info.plist; sourceTree = "<group>"; };
		180AAF971C7EDC4E0030A0C2 /* TableViewController.h */ = {isa = PBXFileReference; fileEncoding = 4; lastKnownFileType = sourcecode.c.h; path = TableViewController.h; sourceTree = "<group>"; };
		180AAF981C7EDC4E0030A0C2 /* TableViewController.m */ = {isa = PBXFileReference; fileEncoding = 4; lastKnownFileType = sourcecode.c.objc; path = TableViewController.m; sourceTree = "<group>"; };
		180AAF991C7EDC4E0030A0C2 /* ViewController.h */ = {isa = PBXFileReference; fileEncoding = 4; lastKnownFileType = sourcecode.c.h; path = ViewController.h; sourceTree = "<group>"; };
		180AAF9A1C7EDC4E0030A0C2 /* ViewController.m */ = {isa = PBXFileReference; fileEncoding = 4; lastKnownFileType = sourcecode.c.objc; path = ViewController.m; sourceTree = "<group>"; };
		180AAFC61C7EEC010030A0C2 /* NSObject+Zirkfied.h */ = {isa = PBXFileReference; fileEncoding = 4; lastKnownFileType = sourcecode.c.h; path = "NSObject+Zirkfied.h"; sourceTree = "<group>"; };
		180AAFC71C7EEC010030A0C2 /* NSObject+Zirkfied.m */ = {isa = PBXFileReference; fileEncoding = 4; lastKnownFileType = sourcecode.c.objc; path = "NSObject+Zirkfied.m"; sourceTree = "<group>"; };
		180AAFC81C7EEC010030A0C2 /* NSString+Zirkfied.h */ = {isa = PBXFileReference; fileEncoding = 4; lastKnownFileType = sourcecode.c.h; path = "NSString+Zirkfied.h"; sourceTree = "<group>"; };
		180AAFC91C7EEC010030A0C2 /* NSString+Zirkfied.m */ = {isa = PBXFileReference; fileEncoding = 4; lastKnownFileType = sourcecode.c.objc; path = "NSString+Zirkfied.m"; sourceTree = "<group>"; };
		180AAFCA1C7EEC010030A0C2 /* UIColor+Zirkfied.h */ = {isa = PBXFileReference; fileEncoding = 4; lastKnownFileType = sourcecode.c.h; path = "UIColor+Zirkfied.h"; sourceTree = "<group>"; };
		180AAFCB1C7EEC010030A0C2 /* UIColor+Zirkfied.m */ = {isa = PBXFileReference; fileEncoding = 4; lastKnownFileType = sourcecode.c.objc; path = "UIColor+Zirkfied.m"; sourceTree = "<group>"; };
		180AAFCC1C7EEC010030A0C2 /* UIView+Zirkfied.h */ = {isa = PBXFileReference; fileEncoding = 4; lastKnownFileType = sourcecode.c.h; path = "UIView+Zirkfied.h"; sourceTree = "<group>"; };
		180AAFCD1C7EEC010030A0C2 /* UIView+Zirkfied.m */ = {isa = PBXFileReference; fileEncoding = 4; lastKnownFileType = sourcecode.c.objc; path = "UIView+Zirkfied.m"; sourceTree = "<group>"; };
		180AAFCF1C7EEC010030A0C2 /* ZFChartView.h */ = {isa = PBXFileReference; fileEncoding = 4; lastKnownFileType = sourcecode.c.h; path = ZFChartView.h; sourceTree = "<group>"; };
		180AAFD01C7EEC010030A0C2 /* ZFColor.h */ = {isa = PBXFileReference; fileEncoding = 4; lastKnownFileType = sourcecode.c.h; path = ZFColor.h; sourceTree = "<group>"; };
		180AAFD11C7EEC010030A0C2 /* ZFConst.h */ = {isa = PBXFileReference; fileEncoding = 4; lastKnownFileType = sourcecode.c.h; path = ZFConst.h; sourceTree = "<group>"; };
		180AAFD31C7EEC010030A0C2 /* ZFBar.h */ = {isa = PBXFileReference; fileEncoding = 4; lastKnownFileType = sourcecode.c.h; path = ZFBar.h; sourceTree = "<group>"; };
		180AAFD41C7EEC010030A0C2 /* ZFBar.m */ = {isa = PBXFileReference; fileEncoding = 4; lastKnownFileType = sourcecode.c.objc; path = ZFBar.m; sourceTree = "<group>"; };
		180AAFD51C7EEC010030A0C2 /* ZFBarChart.h */ = {isa = PBXFileReference; fileEncoding = 4; lastKnownFileType = sourcecode.c.h; path = ZFBarChart.h; sourceTree = "<group>"; };
		180AAFD61C7EEC010030A0C2 /* ZFBarChart.m */ = {isa = PBXFileReference; fileEncoding = 4; lastKnownFileType = sourcecode.c.objc; path = ZFBarChart.m; sourceTree = "<group>"; };
		180AAFD81C7EEC010030A0C2 /* ZFAxisLine.h */ = {isa = PBXFileReference; fileEncoding = 4; lastKnownFileType = sourcecode.c.h; path = ZFAxisLine.h; sourceTree = "<group>"; };
		180AAFD91C7EEC010030A0C2 /* ZFAxisLine.m */ = {isa = PBXFileReference; fileEncoding = 4; lastKnownFileType = sourcecode.c.objc; path = ZFAxisLine.m; sourceTree = "<group>"; };
		180AAFDA1C7EEC010030A0C2 /* ZFGenericChart.h */ = {isa = PBXFileReference; fileEncoding = 4; lastKnownFileType = sourcecode.c.h; path = ZFGenericChart.h; sourceTree = "<group>"; };
		180AAFDB1C7EEC010030A0C2 /* ZFGenericChart.m */ = {isa = PBXFileReference; fileEncoding = 4; lastKnownFileType = sourcecode.c.objc; path = ZFGenericChart.m; sourceTree = "<group>"; };
		180AAFDC1C7EEC010030A0C2 /* ZFLabel.h */ = {isa = PBXFileReference; fileEncoding = 4; lastKnownFileType = sourcecode.c.h; path = ZFLabel.h; sourceTree = "<group>"; };
		180AAFDD1C7EEC010030A0C2 /* ZFLabel.m */ = {isa = PBXFileReference; fileEncoding = 4; lastKnownFileType = sourcecode.c.objc; path = ZFLabel.m; sourceTree = "<group>"; };
		180AAFDF1C7EEC010030A0C2 /* ZFCirque.h */ = {isa = PBXFileReference; fileEncoding = 4; lastKnownFileType = sourcecode.c.h; path = ZFCirque.h; sourceTree = "<group>"; };
		180AAFE01C7EEC010030A0C2 /* ZFCirque.m */ = {isa = PBXFileReference; fileEncoding = 4; lastKnownFileType = sourcecode.c.objc; path = ZFCirque.m; sourceTree = "<group>"; };
		180AAFE11C7EEC010030A0C2 /* ZFLine.h */ = {isa = PBXFileReference; fileEncoding = 4; lastKnownFileType = sourcecode.c.h; path = ZFLine.h; sourceTree = "<group>"; };
		180AAFE21C7EEC010030A0C2 /* ZFLine.m */ = {isa = PBXFileReference; fileEncoding = 4; lastKnownFileType = sourcecode.c.objc; path = ZFLine.m; sourceTree = "<group>"; };
		180AAFE31C7EEC010030A0C2 /* ZFLineChart.h */ = {isa = PBXFileReference; fileEncoding = 4; lastKnownFileType = sourcecode.c.h; path = ZFLineChart.h; sourceTree = "<group>"; };
		180AAFE41C7EEC010030A0C2 /* ZFLineChart.m */ = {isa = PBXFileReference; fileEncoding = 4; lastKnownFileType = sourcecode.c.objc; path = ZFLineChart.m; sourceTree = "<group>"; };
		180AAFE61C7EEC010030A0C2 /* ZFPieChart.h */ = {isa = PBXFileReference; fileEncoding = 4; lastKnownFileType = sourcecode.c.h; path = ZFPieChart.h; sourceTree = "<group>"; };
		180AAFE71C7EEC010030A0C2 /* ZFPieChart.m */ = {isa = PBXFileReference; fileEncoding = 4; lastKnownFileType = sourcecode.c.objc; path = ZFPieChart.m; sourceTree = "<group>"; };
		180AAFE81C7EEC010030A0C2 /* ZFTranslucencePath.h */ = {isa = PBXFileReference; fileEncoding = 4; lastKnownFileType = sourcecode.c.h; path = ZFTranslucencePath.h; sourceTree = "<group>"; };
		180AAFE91C7EEC010030A0C2 /* ZFTranslucencePath.m */ = {isa = PBXFileReference; fileEncoding = 4; lastKnownFileType = sourcecode.c.objc; path = ZFTranslucencePath.m; sourceTree = "<group>"; };
/* End PBXFileReference section */

/* Begin PBXFrameworksBuildPhase section */
		180AAF511C7EDBD50030A0C2 /* Frameworks */ = {
			isa = PBXFrameworksBuildPhase;
			buildActionMask = 2147483647;
			files = (
			);
			runOnlyForDeploymentPostprocessing = 0;
		};
		180AAF6A1C7EDBD50030A0C2 /* Frameworks */ = {
			isa = PBXFrameworksBuildPhase;
			buildActionMask = 2147483647;
			files = (
			);
			runOnlyForDeploymentPostprocessing = 0;
		};
		180AAF751C7EDBD60030A0C2 /* Frameworks */ = {
			isa = PBXFrameworksBuildPhase;
			buildActionMask = 2147483647;
			files = (
			);
			runOnlyForDeploymentPostprocessing = 0;
		};
/* End PBXFrameworksBuildPhase section */

/* Begin PBXGroup section */
		180AAF4B1C7EDBD50030A0C2 = {
			isa = PBXGroup;
			children = (
				180AAF561C7EDBD50030A0C2 /* ZFChartView */,
				180AAF701C7EDBD50030A0C2 /* ZFChartViewTests */,
				180AAF7B1C7EDBD60030A0C2 /* ZFChartViewUITests */,
				180AAF551C7EDBD50030A0C2 /* Products */,
			);
			sourceTree = "<group>";
		};
		180AAF551C7EDBD50030A0C2 /* Products */ = {
			isa = PBXGroup;
			children = (
				180AAF541C7EDBD50030A0C2 /* ZFChartView.app */,
				180AAF6D1C7EDBD50030A0C2 /* ZFChartViewTests.xctest */,
				180AAF781C7EDBD60030A0C2 /* ZFChartViewUITests.xctest */,
			);
			name = Products;
			sourceTree = "<group>";
		};
		180AAF561C7EDBD50030A0C2 /* ZFChartView */ = {
			isa = PBXGroup;
			children = (
				180AAF5A1C7EDBD50030A0C2 /* AppDelegate.h */,
				180AAF5B1C7EDBD50030A0C2 /* AppDelegate.m */,
				180AAF971C7EDC4E0030A0C2 /* TableViewController.h */,
				180AAF981C7EDC4E0030A0C2 /* TableViewController.m */,
				180AAF991C7EDC4E0030A0C2 /* ViewController.h */,
				180AAF9A1C7EDC4E0030A0C2 /* ViewController.m */,
				180AAFC41C7EEC010030A0C2 /* ZFChart */,
				180AAF601C7EDBD50030A0C2 /* Main.storyboard */,
				180AAF631C7EDBD50030A0C2 /* Assets.xcassets */,
				180AAF651C7EDBD50030A0C2 /* LaunchScreen.storyboard */,
				180AAF681C7EDBD50030A0C2 /* Info.plist */,
				180AAF571C7EDBD50030A0C2 /* Supporting Files */,
			);
			path = ZFChartView;
			sourceTree = "<group>";
		};
		180AAF571C7EDBD50030A0C2 /* Supporting Files */ = {
			isa = PBXGroup;
			children = (
				180AAF581C7EDBD50030A0C2 /* main.m */,
			);
			name = "Supporting Files";
			sourceTree = "<group>";
		};
		180AAF701C7EDBD50030A0C2 /* ZFChartViewTests */ = {
			isa = PBXGroup;
			children = (
				180AAF711C7EDBD60030A0C2 /* ZFChartViewTests.m */,
				180AAF731C7EDBD60030A0C2 /* Info.plist */,
			);
			path = ZFChartViewTests;
			sourceTree = "<group>";
		};
		180AAF7B1C7EDBD60030A0C2 /* ZFChartViewUITests */ = {
			isa = PBXGroup;
			children = (
				180AAF7C1C7EDBD60030A0C2 /* ZFChartViewUITests.m */,
				180AAF7E1C7EDBD60030A0C2 /* Info.plist */,
			);
			path = ZFChartViewUITests;
			sourceTree = "<group>";
		};
		180AAFC41C7EEC010030A0C2 /* ZFChart */ = {
			isa = PBXGroup;
			children = (
				180AAFC51C7EEC010030A0C2 /* Category */,
				180AAFCE1C7EEC010030A0C2 /* Other */,
				180AAFD21C7EEC010030A0C2 /* ZFBarChart */,
				180AAFD71C7EEC010030A0C2 /* ZFGenericChart */,
				180AAFDE1C7EEC010030A0C2 /* ZFLineChart */,
				180AAFE51C7EEC010030A0C2 /* ZFPieChart */,
			);
			path = ZFChart;
			sourceTree = "<group>";
		};
		180AAFC51C7EEC010030A0C2 /* Category */ = {
			isa = PBXGroup;
			children = (
				180AAFC61C7EEC010030A0C2 /* NSObject+Zirkfied.h */,
				180AAFC71C7EEC010030A0C2 /* NSObject+Zirkfied.m */,
				180AAFC81C7EEC010030A0C2 /* NSString+Zirkfied.h */,
				180AAFC91C7EEC010030A0C2 /* NSString+Zirkfied.m */,
				180AAFCA1C7EEC010030A0C2 /* UIColor+Zirkfied.h */,
				180AAFCB1C7EEC010030A0C2 /* UIColor+Zirkfied.m */,
				180AAFCC1C7EEC010030A0C2 /* UIView+Zirkfied.h */,
				180AAFCD1C7EEC010030A0C2 /* UIView+Zirkfied.m */,
			);
			path = Category;
			sourceTree = "<group>";
		};
		180AAFCE1C7EEC010030A0C2 /* Other */ = {
			isa = PBXGroup;
			children = (
				180AAFCF1C7EEC010030A0C2 /* ZFChartView.h */,
				180AAFD01C7EEC010030A0C2 /* ZFColor.h */,
				180AAFD11C7EEC010030A0C2 /* ZFConst.h */,
			);
			path = Other;
			sourceTree = "<group>";
		};
		180AAFD21C7EEC010030A0C2 /* ZFBarChart */ = {
			isa = PBXGroup;
			children = (
				180AAFD31C7EEC010030A0C2 /* ZFBar.h */,
				180AAFD41C7EEC010030A0C2 /* ZFBar.m */,
				180AAFD51C7EEC010030A0C2 /* ZFBarChart.h */,
				180AAFD61C7EEC010030A0C2 /* ZFBarChart.m */,
			);
			path = ZFBarChart;
			sourceTree = "<group>";
		};
		180AAFD71C7EEC010030A0C2 /* ZFGenericChart */ = {
			isa = PBXGroup;
			children = (
				180AAFD81C7EEC010030A0C2 /* ZFAxisLine.h */,
				180AAFD91C7EEC010030A0C2 /* ZFAxisLine.m */,
				180AAFDA1C7EEC010030A0C2 /* ZFGenericChart.h */,
				180AAFDB1C7EEC010030A0C2 /* ZFGenericChart.m */,
				180AAFDC1C7EEC010030A0C2 /* ZFLabel.h */,
				180AAFDD1C7EEC010030A0C2 /* ZFLabel.m */,
			);
			path = ZFGenericChart;
			sourceTree = "<group>";
		};
		180AAFDE1C7EEC010030A0C2 /* ZFLineChart */ = {
			isa = PBXGroup;
			children = (
				180AAFDF1C7EEC010030A0C2 /* ZFCirque.h */,
				180AAFE01C7EEC010030A0C2 /* ZFCirque.m */,
				180AAFE11C7EEC010030A0C2 /* ZFLine.h */,
				180AAFE21C7EEC010030A0C2 /* ZFLine.m */,
				180AAFE31C7EEC010030A0C2 /* ZFLineChart.h */,
				180AAFE41C7EEC010030A0C2 /* ZFLineChart.m */,
			);
			path = ZFLineChart;
			sourceTree = "<group>";
		};
		180AAFE51C7EEC010030A0C2 /* ZFPieChart */ = {
			isa = PBXGroup;
			children = (
				180AAFE61C7EEC010030A0C2 /* ZFPieChart.h */,
				180AAFE71C7EEC010030A0C2 /* ZFPieChart.m */,
				180AAFE81C7EEC010030A0C2 /* ZFTranslucencePath.h */,
				180AAFE91C7EEC010030A0C2 /* ZFTranslucencePath.m */,
			);
			path = ZFPieChart;
			sourceTree = "<group>";
		};
/* End PBXGroup section */

/* Begin PBXNativeTarget section */
		180AAF531C7EDBD50030A0C2 /* ZFChartView */ = {
			isa = PBXNativeTarget;
			buildConfigurationList = 180AAF811C7EDBD60030A0C2 /* Build configuration list for PBXNativeTarget "ZFChartView" */;
			buildPhases = (
				180AAF501C7EDBD50030A0C2 /* Sources */,
				180AAF511C7EDBD50030A0C2 /* Frameworks */,
				180AAF521C7EDBD50030A0C2 /* Resources */,
			);
			buildRules = (
			);
			dependencies = (
			);
			name = ZFChartView;
			productName = ZFChartView;
			productReference = 180AAF541C7EDBD50030A0C2 /* ZFChartView.app */;
			productType = "com.apple.product-type.application";
		};
		180AAF6C1C7EDBD50030A0C2 /* ZFChartViewTests */ = {
			isa = PBXNativeTarget;
			buildConfigurationList = 180AAF841C7EDBD60030A0C2 /* Build configuration list for PBXNativeTarget "ZFChartViewTests" */;
			buildPhases = (
				180AAF691C7EDBD50030A0C2 /* Sources */,
				180AAF6A1C7EDBD50030A0C2 /* Frameworks */,
				180AAF6B1C7EDBD50030A0C2 /* Resources */,
			);
			buildRules = (
			);
			dependencies = (
				180AAF6F1C7EDBD50030A0C2 /* PBXTargetDependency */,
			);
			name = ZFChartViewTests;
			productName = ZFChartViewTests;
			productReference = 180AAF6D1C7EDBD50030A0C2 /* ZFChartViewTests.xctest */;
			productType = "com.apple.product-type.bundle.unit-test";
		};
		180AAF771C7EDBD60030A0C2 /* ZFChartViewUITests */ = {
			isa = PBXNativeTarget;
			buildConfigurationList = 180AAF871C7EDBD60030A0C2 /* Build configuration list for PBXNativeTarget "ZFChartViewUITests" */;
			buildPhases = (
				180AAF741C7EDBD60030A0C2 /* Sources */,
				180AAF751C7EDBD60030A0C2 /* Frameworks */,
				180AAF761C7EDBD60030A0C2 /* Resources */,
			);
			buildRules = (
			);
			dependencies = (
				180AAF7A1C7EDBD60030A0C2 /* PBXTargetDependency */,
			);
			name = ZFChartViewUITests;
			productName = ZFChartViewUITests;
			productReference = 180AAF781C7EDBD60030A0C2 /* ZFChartViewUITests.xctest */;
			productType = "com.apple.product-type.bundle.ui-testing";
		};
/* End PBXNativeTarget section */

/* Begin PBXProject section */
		180AAF4C1C7EDBD50030A0C2 /* Project object */ = {
			isa = PBXProject;
			attributes = {
				LastUpgradeCheck = 0720;
				ORGANIZATIONNAME = apple;
				TargetAttributes = {
					180AAF531C7EDBD50030A0C2 = {
						CreatedOnToolsVersion = 7.2;
					};
					180AAF6C1C7EDBD50030A0C2 = {
						CreatedOnToolsVersion = 7.2;
						TestTargetID = 180AAF531C7EDBD50030A0C2;
					};
					180AAF771C7EDBD60030A0C2 = {
						CreatedOnToolsVersion = 7.2;
						TestTargetID = 180AAF531C7EDBD50030A0C2;
					};
				};
			};
			buildConfigurationList = 180AAF4F1C7EDBD50030A0C2 /* Build configuration list for PBXProject "ZFChartView" */;
			compatibilityVersion = "Xcode 3.2";
			developmentRegion = English;
			hasScannedForEncodings = 0;
			knownRegions = (
				en,
				Base,
			);
			mainGroup = 180AAF4B1C7EDBD50030A0C2;
			productRefGroup = 180AAF551C7EDBD50030A0C2 /* Products */;
			projectDirPath = "";
			projectRoot = "";
			targets = (
				180AAF531C7EDBD50030A0C2 /* ZFChartView */,
				180AAF6C1C7EDBD50030A0C2 /* ZFChartViewTests */,
				180AAF771C7EDBD60030A0C2 /* ZFChartViewUITests */,
			);
		};
/* End PBXProject section */

/* Begin PBXResourcesBuildPhase section */
		180AAF521C7EDBD50030A0C2 /* Resources */ = {
			isa = PBXResourcesBuildPhase;
			buildActionMask = 2147483647;
			files = (
				180AAF671C7EDBD50030A0C2 /* LaunchScreen.storyboard in Resources */,
				180AAF641C7EDBD50030A0C2 /* Assets.xcassets in Resources */,
				180AAF621C7EDBD50030A0C2 /* Main.storyboard in Resources */,
			);
			runOnlyForDeploymentPostprocessing = 0;
		};
		180AAF6B1C7EDBD50030A0C2 /* Resources */ = {
			isa = PBXResourcesBuildPhase;
			buildActionMask = 2147483647;
			files = (
			);
			runOnlyForDeploymentPostprocessing = 0;
		};
		180AAF761C7EDBD60030A0C2 /* Resources */ = {
			isa = PBXResourcesBuildPhase;
			buildActionMask = 2147483647;
			files = (
			);
			runOnlyForDeploymentPostprocessing = 0;
		};
/* End PBXResourcesBuildPhase section */

/* Begin PBXSourcesBuildPhase section */
		180AAF501C7EDBD50030A0C2 /* Sources */ = {
			isa = PBXSourcesBuildPhase;
			buildActionMask = 2147483647;
			files = (
				180AAFF31C7EEC010030A0C2 /* ZFCirque.m in Sources */,
				180AAFF01C7EEC010030A0C2 /* ZFAxisLine.m in Sources */,
				180AAFF51C7EEC010030A0C2 /* ZFLineChart.m in Sources */,
				180AAFEF1C7EEC010030A0C2 /* ZFBarChart.m in Sources */,
				180AAFF11C7EEC010030A0C2 /* ZFGenericChart.m in Sources */,
				180AAFED1C7EEC010030A0C2 /* UIView+Zirkfied.m in Sources */,
				180AAFEA1C7EEC010030A0C2 /* NSObject+Zirkfied.m in Sources */,
				180AAFF71C7EEC010030A0C2 /* ZFTranslucencePath.m in Sources */,
				180AAFF21C7EEC010030A0C2 /* ZFLabel.m in Sources */,
				180AAFEB1C7EEC010030A0C2 /* NSString+Zirkfied.m in Sources */,
				180AAFEE1C7EEC010030A0C2 /* ZFBar.m in Sources */,
				180AAF5C1C7EDBD50030A0C2 /* AppDelegate.m in Sources */,
				180AAFB81C7EDC4E0030A0C2 /* ViewController.m in Sources */,
				180AAFEC1C7EEC010030A0C2 /* UIColor+Zirkfied.m in Sources */,
				180AAF591C7EDBD50030A0C2 /* main.m in Sources */,
				180AAFB71C7EDC4E0030A0C2 /* TableViewController.m in Sources */,
				180AAFF61C7EEC010030A0C2 /* ZFPieChart.m in Sources */,
				180AAFF41C7EEC010030A0C2 /* ZFLine.m in Sources */,
			);
			runOnlyForDeploymentPostprocessing = 0;
		};
		180AAF691C7EDBD50030A0C2 /* Sources */ = {
			isa = PBXSourcesBuildPhase;
			buildActionMask = 2147483647;
			files = (
				180AAF721C7EDBD60030A0C2 /* ZFChartViewTests.m in Sources */,
			);
			runOnlyForDeploymentPostprocessing = 0;
		};
		180AAF741C7EDBD60030A0C2 /* Sources */ = {
			isa = PBXSourcesBuildPhase;
			buildActionMask = 2147483647;
			files = (
				180AAF7D1C7EDBD60030A0C2 /* ZFChartViewUITests.m in Sources */,
			);
			runOnlyForDeploymentPostprocessing = 0;
		};
/* End PBXSourcesBuildPhase section */

/* Begin PBXTargetDependency section */
		180AAF6F1C7EDBD50030A0C2 /* PBXTargetDependency */ = {
			isa = PBXTargetDependency;
			target = 180AAF531C7EDBD50030A0C2 /* ZFChartView */;
			targetProxy = 180AAF6E1C7EDBD50030A0C2 /* PBXContainerItemProxy */;
		};
		180AAF7A1C7EDBD60030A0C2 /* PBXTargetDependency */ = {
			isa = PBXTargetDependency;
			target = 180AAF531C7EDBD50030A0C2 /* ZFChartView */;
			targetProxy = 180AAF791C7EDBD60030A0C2 /* PBXContainerItemProxy */;
		};
/* End PBXTargetDependency section */

/* Begin PBXVariantGroup section */
		180AAF601C7EDBD50030A0C2 /* Main.storyboard */ = {
			isa = PBXVariantGroup;
			children = (
				180AAF611C7EDBD50030A0C2 /* Base */,
			);
			name = Main.storyboard;
			sourceTree = "<group>";
		};
		180AAF651C7EDBD50030A0C2 /* LaunchScreen.storyboard */ = {
			isa = PBXVariantGroup;
			children = (
				180AAF661C7EDBD50030A0C2 /* Base */,
			);
			name = LaunchScreen.storyboard;
			sourceTree = "<group>";
		};
/* End PBXVariantGroup section */

/* Begin XCBuildConfiguration section */
		180AAF7F1C7EDBD60030A0C2 /* Debug */ = {
			isa = XCBuildConfiguration;
			buildSettings = {
				ALWAYS_SEARCH_USER_PATHS = NO;
				CLANG_CXX_LANGUAGE_STANDARD = "gnu++0x";
				CLANG_CXX_LIBRARY = "libc++";
				CLANG_ENABLE_MODULES = YES;
				CLANG_ENABLE_OBJC_ARC = YES;
				CLANG_WARN_BOOL_CONVERSION = YES;
				CLANG_WARN_CONSTANT_CONVERSION = YES;
				CLANG_WARN_DIRECT_OBJC_ISA_USAGE = YES_ERROR;
				CLANG_WARN_EMPTY_BODY = YES;
				CLANG_WARN_ENUM_CONVERSION = YES;
				CLANG_WARN_INT_CONVERSION = YES;
				CLANG_WARN_OBJC_ROOT_CLASS = YES_ERROR;
				CLANG_WARN_UNREACHABLE_CODE = YES;
				CLANG_WARN__DUPLICATE_METHOD_MATCH = YES;
				"CODE_SIGN_IDENTITY[sdk=iphoneos*]" = "iPhone Developer";
				COPY_PHASE_STRIP = NO;
				DEBUG_INFORMATION_FORMAT = dwarf;
				ENABLE_STRICT_OBJC_MSGSEND = YES;
				ENABLE_TESTABILITY = YES;
				GCC_C_LANGUAGE_STANDARD = gnu99;
				GCC_DYNAMIC_NO_PIC = NO;
				GCC_NO_COMMON_BLOCKS = YES;
				GCC_OPTIMIZATION_LEVEL = 0;
				GCC_PREPROCESSOR_DEFINITIONS = (
					"DEBUG=1",
					"$(inherited)",
				);
				GCC_WARN_64_TO_32_BIT_CONVERSION = YES;
				GCC_WARN_ABOUT_RETURN_TYPE = YES_ERROR;
				GCC_WARN_UNDECLARED_SELECTOR = YES;
				GCC_WARN_UNINITIALIZED_AUTOS = YES_AGGRESSIVE;
				GCC_WARN_UNUSED_FUNCTION = YES;
				GCC_WARN_UNUSED_VARIABLE = YES;
				IPHONEOS_DEPLOYMENT_TARGET = 9.2;
				MTL_ENABLE_DEBUG_INFO = YES;
				ONLY_ACTIVE_ARCH = YES;
				SDKROOT = iphoneos;
				TARGETED_DEVICE_FAMILY = "1,2";
			};
			name = Debug;
		};
		180AAF801C7EDBD60030A0C2 /* Release */ = {
			isa = XCBuildConfiguration;
			buildSettings = {
				ALWAYS_SEARCH_USER_PATHS = NO;
				CLANG_CXX_LANGUAGE_STANDARD = "gnu++0x";
				CLANG_CXX_LIBRARY = "libc++";
				CLANG_ENABLE_MODULES = YES;
				CLANG_ENABLE_OBJC_ARC = YES;
				CLANG_WARN_BOOL_CONVERSION = YES;
				CLANG_WARN_CONSTANT_CONVERSION = YES;
				CLANG_WARN_DIRECT_OBJC_ISA_USAGE = YES_ERROR;
				CLANG_WARN_EMPTY_BODY = YES;
				CLANG_WARN_ENUM_CONVERSION = YES;
				CLANG_WARN_INT_CONVERSION = YES;
				CLANG_WARN_OBJC_ROOT_CLASS = YES_ERROR;
				CLANG_WARN_UNREACHABLE_CODE = YES;
				CLANG_WARN__DUPLICATE_METHOD_MATCH = YES;
				"CODE_SIGN_IDENTITY[sdk=iphoneos*]" = "iPhone Developer";
				COPY_PHASE_STRIP = NO;
				DEBUG_INFORMATION_FORMAT = "dwarf-with-dsym";
				ENABLE_NS_ASSERTIONS = NO;
				ENABLE_STRICT_OBJC_MSGSEND = YES;
				GCC_C_LANGUAGE_STANDARD = gnu99;
				GCC_NO_COMMON_BLOCKS = YES;
				GCC_WARN_64_TO_32_BIT_CONVERSION = YES;
				GCC_WARN_ABOUT_RETURN_TYPE = YES_ERROR;
				GCC_WARN_UNDECLARED_SELECTOR = YES;
				GCC_WARN_UNINITIALIZED_AUTOS = YES_AGGRESSIVE;
				GCC_WARN_UNUSED_FUNCTION = YES;
				GCC_WARN_UNUSED_VARIABLE = YES;
				IPHONEOS_DEPLOYMENT_TARGET = 9.2;
				MTL_ENABLE_DEBUG_INFO = NO;
				SDKROOT = iphoneos;
				TARGETED_DEVICE_FAMILY = "1,2";
				VALIDATE_PRODUCT = YES;
			};
			name = Release;
		};
		180AAF821C7EDBD60030A0C2 /* Debug */ = {
			isa = XCBuildConfiguration;
			buildSettings = {
				ASSETCATALOG_COMPILER_APPICON_NAME = AppIcon;
				INFOPLIST_FILE = ZFChartView/Info.plist;
				LD_RUNPATH_SEARCH_PATHS = "$(inherited) @executable_path/Frameworks";
				PRODUCT_BUNDLE_IDENTIFIER = Zirkfied.ZFChartView;
				PRODUCT_NAME = "$(TARGET_NAME)";
			};
			name = Debug;
		};
		180AAF831C7EDBD60030A0C2 /* Release */ = {
			isa = XCBuildConfiguration;
			buildSettings = {
				ASSETCATALOG_COMPILER_APPICON_NAME = AppIcon;
				INFOPLIST_FILE = ZFChartView/Info.plist;
				LD_RUNPATH_SEARCH_PATHS = "$(inherited) @executable_path/Frameworks";
				PRODUCT_BUNDLE_IDENTIFIER = Zirkfied.ZFChartView;
				PRODUCT_NAME = "$(TARGET_NAME)";
			};
			name = Release;
		};
		180AAF851C7EDBD60030A0C2 /* Debug */ = {
			isa = XCBuildConfiguration;
			buildSettings = {
				BUNDLE_LOADER = "$(TEST_HOST)";
				INFOPLIST_FILE = ZFChartViewTests/Info.plist;
				LD_RUNPATH_SEARCH_PATHS = "$(inherited) @executable_path/Frameworks @loader_path/Frameworks";
				PRODUCT_BUNDLE_IDENTIFIER = Zirkfied.ZFChartViewTests;
				PRODUCT_NAME = "$(TARGET_NAME)";
				TEST_HOST = "$(BUILT_PRODUCTS_DIR)/ZFChartView.app/ZFChartView";
			};
			name = Debug;
		};
		180AAF861C7EDBD60030A0C2 /* Release */ = {
			isa = XCBuildConfiguration;
			buildSettings = {
				BUNDLE_LOADER = "$(TEST_HOST)";
				INFOPLIST_FILE = ZFChartViewTests/Info.plist;
				LD_RUNPATH_SEARCH_PATHS = "$(inherited) @executable_path/Frameworks @loader_path/Frameworks";
				PRODUCT_BUNDLE_IDENTIFIER = Zirkfied.ZFChartViewTests;
				PRODUCT_NAME = "$(TARGET_NAME)";
				TEST_HOST = "$(BUILT_PRODUCTS_DIR)/ZFChartView.app/ZFChartView";
			};
			name = Release;
		};
		180AAF881C7EDBD60030A0C2 /* Debug */ = {
			isa = XCBuildConfiguration;
			buildSettings = {
				INFOPLIST_FILE = ZFChartViewUITests/Info.plist;
				LD_RUNPATH_SEARCH_PATHS = "$(inherited) @executable_path/Frameworks @loader_path/Frameworks";
				PRODUCT_BUNDLE_IDENTIFIER = Zirkfied.ZFChartViewUITests;
				PRODUCT_NAME = "$(TARGET_NAME)";
				TEST_TARGET_NAME = ZFChartView;
				USES_XCTRUNNER = YES;
			};
			name = Debug;
		};
		180AAF891C7EDBD60030A0C2 /* Release */ = {
			isa = XCBuildConfiguration;
			buildSettings = {
				INFOPLIST_FILE = ZFChartViewUITests/Info.plist;
				LD_RUNPATH_SEARCH_PATHS = "$(inherited) @executable_path/Frameworks @loader_path/Frameworks";
				PRODUCT_BUNDLE_IDENTIFIER = Zirkfied.ZFChartViewUITests;
				PRODUCT_NAME = "$(TARGET_NAME)";
				TEST_TARGET_NAME = ZFChartView;
				USES_XCTRUNNER = YES;
			};
			name = Release;
		};
/* End XCBuildConfiguration section */

/* Begin XCConfigurationList section */
		180AAF4F1C7EDBD50030A0C2 /* Build configuration list for PBXProject "ZFChartView" */ = {
			isa = XCConfigurationList;
			buildConfigurations = (
				180AAF7F1C7EDBD60030A0C2 /* Debug */,
				180AAF801C7EDBD60030A0C2 /* Release */,
			);
			defaultConfigurationIsVisible = 0;
			defaultConfigurationName = Release;
		};
		180AAF811C7EDBD60030A0C2 /* Build configuration list for PBXNativeTarget "ZFChartView" */ = {
			isa = XCConfigurationList;
			buildConfigurations = (
				180AAF821C7EDBD60030A0C2 /* Debug */,
				180AAF831C7EDBD60030A0C2 /* Release */,
			);
			defaultConfigurationIsVisible = 0;
			defaultConfigurationName = Release;
		};
		180AAF841C7EDBD60030A0C2 /* Build configuration list for PBXNativeTarget "ZFChartViewTests" */ = {
			isa = XCConfigurationList;
			buildConfigurations = (
				180AAF851C7EDBD60030A0C2 /* Debug */,
				180AAF861C7EDBD60030A0C2 /* Release */,
			);
			defaultConfigurationIsVisible = 0;
			defaultConfigurationName = Release;
		};
		180AAF871C7EDBD60030A0C2 /* Build configuration list for PBXNativeTarget "ZFChartViewUITests" */ = {
			isa = XCConfigurationList;
			buildConfigurations = (
				180AAF881C7EDBD60030A0C2 /* Debug */,
				180AAF891C7EDBD60030A0C2 /* Release */,
			);
			defaultConfigurationIsVisible = 0;
			defaultConfigurationName = Release;
		};
/* End XCConfigurationList section */
	};
	rootObject = 180AAF4C1C7EDBD50030A0C2 /* Project object */;
}
